
Microsoft Visual Studio Solution File, Format Version 12.00
# Visual Studio 2012
Project("{FAE04EC0-301F-11D3-BF4B-00C04F79EFBC}") = "sma", "sma\sma.csproj", "{D5208383-12B2-415B-8B81-4D71EA96A470}"
EndProject
Project("{FAE04EC0-301F-11D3-BF4B-00C04F79EFBC}") = "Controller", "Controller\Controller.csproj", "{0FC696C0-1F7B-4655-A37B-364AFABB6749}"
EndProject
Project("{FAE04EC0-301F-11D3-BF4B-00C04F79EFBC}") = "Model", "Model\Model.csproj", "{4F882B17-E3E7-4B2A-89CB-2C05C32EB4CA}"
EndProject
Project("{FAE04EC0-301F-11D3-BF4B-00C04F79EFBC}") = "View", "View\View.csproj", "{90EC5293-A777-42C5-AE36-9DE5575AD5D2}"
EndProject
Global
	GlobalSection(SolutionConfigurationPlatforms) = preSolution
		Debug|Any CPU = Debug|Any CPU
		Release|Any CPU = Release|Any CPU
	EndGlobalSection
	GlobalSection(ProjectConfigurationPlatforms) = postSolution
		{D5208383-12B2-415B-8B81-4D71EA96A470}.Debug|Any CPU.ActiveCfg = Debug|Any CPU
		{D5208383-12B2-415B-8B81-4D71EA96A470}.Debug|Any CPU.Build.0 = Debug|Any CPU
		{D5208383-12B2-415B-8B81-4D71EA96A470}.Release|Any CPU.ActiveCfg = Release|Any CPU
		{D5208383-12B2-415B-8B81-4D71EA96A470}.Release|Any CPU.Build.0 = Release|Any CPU
		{0FC696C0-1F7B-4655-A37B-364AFABB6749}.Debug|Any CPU.ActiveCfg = Debug|Any CPU
		{0FC696C0-1F7B-4655-A37B-364AFABB6749}.Debug|Any CPU.Build.0 = Debug|Any CPU
		{0FC696C0-1F7B-4655-A37B-364AFABB6749}.Release|Any CPU.ActiveCfg = Release|Any CPU
		{0FC696C0-1F7B-4655-A37B-364AFABB6749}.Release|Any CPU.Build.0 = Release|Any CPU
		{4F882B17-E3E7-4B2A-89CB-2C05C32EB4CA}.Debug|Any CPU.ActiveCfg = Debug|Any CPU
		{4F882B17-E3E7-4B2A-89CB-2C05C32EB4CA}.Debug|Any CPU.Build.0 = Debug|Any CPU
		{4F882B17-E3E7-4B2A-89CB-2C05C32EB4CA}.Release|Any CPU.ActiveCfg = Release|Any CPU
		{4F882B17-E3E7-4B2A-89CB-2C05C32EB4CA}.Release|Any CPU.Build.0 = Release|Any CPU
		{90EC5293-A777-42C5-AE36-9DE5575AD5D2}.Debug|Any CPU.ActiveCfg = Debug|Any CPU
		{90EC5293-A777-42C5-AE36-9DE5575AD5D2}.Debug|Any CPU.Build.0 = Debug|Any CPU
		{90EC5293-A777-42C5-AE36-9DE5575AD5D2}.Release|Any CPU.ActiveCfg = Release|Any CPU
		{90EC5293-A777-42C5-AE36-9DE5575AD5D2}.Release|Any CPU.Build.0 = Release|Any CPU
	EndGlobalSection
	GlobalSection(SolutionProperties) = preSolution
		HideSolutionNode = FALSE
	EndGlobalSection
EndGlobal
